
Microsoft Visual Studio Solution File, Format Version 12.00
# Visual Studio Version 16
VisualStudioVersion = 16.0.31105.61
MinimumVisualStudioVersion = 10.0.40219.1
Project("{9A19103F-16F7-4668-BE54-9A1E7A4F7556}") = "Cartridges.Data", "Cartridges.Data\Cartridges.Data.csproj", "{3A3459A4-8048-4B60-ABDD-C6A3D7867F95}"
EndProject
Project("{9A19103F-16F7-4668-BE54-9A1E7A4F7556}") = "Cartridges.Repo", "Cartridges.Repo\Cartridges.Repo.csproj", "{0F77E669-3171-4EAE-8F1F-D50429F8C946}"
EndProject
Project("{9A19103F-16F7-4668-BE54-9A1E7A4F7556}") = "Cartridges.Ser", "Cartridges.Ser\Cartridges.Ser.csproj", "{7E969CA1-E8A6-4F93-BB8E-FDCB0725AE8A}"
EndProject
Project("{9A19103F-16F7-4668-BE54-9A1E7A4F7556}") = "Cartridges.Web", "Cartridges\Cartridges.Web.csproj", "{87F9E9A1-BF2F-488E-AB7A-326BAC4DE314}"
EndProject
Global
	GlobalSection(SolutionConfigurationPlatforms) = preSolution
		Debug|Any CPU = Debug|Any CPU
		Release|Any CPU = Release|Any CPU
	EndGlobalSection
	GlobalSection(ProjectConfigurationPlatforms) = postSolution
		{3A3459A4-8048-4B60-ABDD-C6A3D7867F95}.Debug|Any CPU.ActiveCfg = Debug|Any CPU
		{3A3459A4-8048-4B60-ABDD-C6A3D7867F95}.Debug|Any CPU.Build.0 = Debug|Any CPU
		{3A3459A4-8048-4B60-ABDD-C6A3D7867F95}.Release|Any CPU.ActiveCfg = Release|Any CPU
		{3A3459A4-8048-4B60-ABDD-C6A3D7867F95}.Release|Any CPU.Build.0 = Release|Any CPU
		{0F77E669-3171-4EAE-8F1F-D50429F8C946}.Debug|Any CPU.ActiveCfg = Debug|Any CPU
		{0F77E669-3171-4EAE-8F1F-D50429F8C946}.Debug|Any CPU.Build.0 = Debug|Any CPU
		{0F77E669-3171-4EAE-8F1F-D50429F8C946}.Release|Any CPU.ActiveCfg = Release|Any CPU
		{0F77E669-3171-4EAE-8F1F-D50429F8C946}.Release|Any CPU.Build.0 = Release|Any CPU
		{7E969CA1-E8A6-4F93-BB8E-FDCB0725AE8A}.Debug|Any CPU.ActiveCfg = Debug|Any CPU
		{7E969CA1-E8A6-4F93-BB8E-FDCB0725AE8A}.Debug|Any CPU.Build.0 = Debug|Any CPU
		{7E969CA1-E8A6-4F93-BB8E-FDCB0725AE8A}.Release|Any CPU.ActiveCfg = Release|Any CPU
		{7E969CA1-E8A6-4F93-BB8E-FDCB0725AE8A}.Release|Any CPU.Build.0 = Release|Any CPU
		{87F9E9A1-BF2F-488E-AB7A-326BAC4DE314}.Debug|Any CPU.ActiveCfg = Debug|Any CPU
		{87F9E9A1-BF2F-488E-AB7A-326BAC4DE314}.Debug|Any CPU.Build.0 = Debug|Any CPU
		{87F9E9A1-BF2F-488E-AB7A-326BAC4DE314}.Release|Any CPU.ActiveCfg = Release|Any CPU
		{87F9E9A1-BF2F-488E-AB7A-326BAC4DE314}.Release|Any CPU.Build.0 = Release|Any CPU
	EndGlobalSection
	GlobalSection(SolutionProperties) = preSolution
		HideSolutionNode = FALSE
	EndGlobalSection
	GlobalSection(ExtensibilityGlobals) = postSolution
		SolutionGuid = {D8AB4C2A-C76E-46F2-83DF-B397147096DA}
	EndGlobalSection
EndGlobal
